
Microsoft Visual Studio Solution File, Format Version 12.00
# Visual Studio Version 17
VisualStudioVersion = 17.6.33723.286
MinimumVisualStudioVersion = 10.0.40219.1
Project("{FAE04EC0-301F-11D3-BF4B-00C04F79EFBC}") = "Connect4", "Connect4.csproj", "{B77B2097-4234-4678-B819-BE615412967C}"
EndProject
Global
	GlobalSection(SolutionConfigurationPlatforms) = preSolution
		Debug|Any CPU = Debug|Any CPU
		Release|Any CPU = Release|Any CPU
	EndGlobalSection
	GlobalSection(ProjectConfigurationPlatforms) = postSolution
		{B77B2097-4234-4678-B819-BE615412967C}.Debug|Any CPU.ActiveCfg = Debug|Any CPU
		{B77B2097-4234-4678-B819-BE615412967C}.Debug|Any CPU.Build.0 = Debug|Any CPU
		{B77B2097-4234-4678-B819-BE615412967C}.Release|Any CPU.ActiveCfg = Release|Any CPU
		{B77B2097-4234-4678-B819-BE615412967C}.Release|Any CPU.Build.0 = Release|Any CPU
	EndGlobalSection
	GlobalSection(SolutionProperties) = preSolution
		HideSolutionNode = FALSE
	EndGlobalSection
	GlobalSection(ExtensibilityGlobals) = postSolution
		SolutionGuid = {4A7DD11D-FE31-4F6C-8789-B090F1192B04}
	EndGlobalSection
EndGlobal
